// !$*UTF8*$!
{
	archiveVersion = 1;
	classes = {
	};
	objectVersion = 50;
	objects = {

/* Begin PBXBuildFile section */
		06D5AE67219A385600054883 /* AppDelegate.swift in Sources */ = {isa = PBXBuildFile; fileRef = 06D5AE66219A385600054883 /* AppDelegate.swift */; };
		06D5AE69219A385600054883 /* ViewController.swift in Sources */ = {isa = PBXBuildFile; fileRef = 06D5AE68219A385600054883 /* ViewController.swift */; };
		06D5AE6C219A385600054883 /* Main.storyboard in Resources */ = {isa = PBXBuildFile; fileRef = 06D5AE6A219A385600054883 /* Main.storyboard */; };
		06D5AE6F219A385600054883 /* MemorablePlaces.xcdatamodeld in Sources */ = {isa = PBXBuildFile; fileRef = 06D5AE6D219A385600054883 /* MemorablePlaces.xcdatamodeld */; };
		06D5AE71219A385700054883 /* Assets.xcassets in Resources */ = {isa = PBXBuildFile; fileRef = 06D5AE70219A385700054883 /* Assets.xcassets */; };
		06D5AE74219A385700054883 /* LaunchScreen.storyboard in Resources */ = {isa = PBXBuildFile; fileRef = 06D5AE72219A385700054883 /* LaunchScreen.storyboard */; };
		06D5AE7F219A388100054883 /* MapKit.framework in Frameworks */ = {isa = PBXBuildFile; fileRef = 06D5AE7E219A388100054883 /* MapKit.framework */; };
		06D5AE82219A659700054883 /* PlacesVC.swift in Sources */ = {isa = PBXBuildFile; fileRef = 06D5AE81219A659700054883 /* PlacesVC.swift */; };
		06D5AE85219A683200054883 /* Constants.swift in Sources */ = {isa = PBXBuildFile; fileRef = 06D5AE84219A683200054883 /* Constants.swift */; };
		06D5AE87219A924A00054883 /* PassingDate.swift in Sources */ = {isa = PBXBuildFile; fileRef = 06D5AE86219A924A00054883 /* PassingDate.swift */; };
		06D6C978219B69CE00D37A79 /* PlacesCell.swift in Sources */ = {isa = PBXBuildFile; fileRef = 06D6C977219B69CE00D37A79 /* PlacesCell.swift */; };
/* End PBXBuildFile section */

/* Begin PBXFileReference section */
		06D5AE63219A385600054883 /* MemorablePlaces.app */ = {isa = PBXFileReference; explicitFileType = wrapper.application; includeInIndex = 0; path = MemorablePlaces.app; sourceTree = BUILT_PRODUCTS_DIR; };
		06D5AE66219A385600054883 /* AppDelegate.swift */ = {isa = PBXFileReference; lastKnownFileType = sourcecode.swift; path = AppDelegate.swift; sourceTree = "<group>"; };
		06D5AE68219A385600054883 /* ViewController.swift */ = {isa = PBXFileReference; lastKnownFileType = sourcecode.swift; path = ViewController.swift; sourceTree = "<group>"; };
		06D5AE6B219A385600054883 /* Base */ = {isa = PBXFileReference; lastKnownFileType = file.storyboard; name = Base; path = Base.lproj/Main.storyboard; sourceTree = "<group>"; };
		06D5AE6E219A385600054883 /* MemorablePlaces.xcdatamodel */ = {isa = PBXFileReference; lastKnownFileType = wrapper.xcdatamodel; path = MemorablePlaces.xcdatamodel; sourceTree = "<group>"; };
		06D5AE70219A385700054883 /* Assets.xcassets */ = {isa = PBXFileReference; lastKnownFileType = folder.assetcatalog; path = Assets.xcassets; sourceTree = "<group>"; };
		06D5AE73219A385700054883 /* Base */ = {isa = PBXFileReference; lastKnownFileType = file.storyboard; name = Base; path = Base.lproj/LaunchScreen.storyboard; sourceTree = "<group>"; };
		06D5AE75219A385700054883 /* Info.plist */ = {isa = PBXFileReference; lastKnownFileType = text.plist.xml; path = Info.plist; sourceTree = "<group>"; };
		06D5AE7E219A388100054883 /* MapKit.framework */ = {isa = PBXFileReference; lastKnownFileType = wrapper.framework; name = MapKit.framework; path = System/Library/Frameworks/MapKit.framework; sourceTree = SDKROOT; };
		06D5AE81219A659700054883 /* PlacesVC.swift */ = {isa = PBXFileReference; lastKnownFileType = sourcecode.swift; path = PlacesVC.swift; sourceTree = "<group>"; };
		06D5AE84219A683200054883 /* Constants.swift */ = {isa = PBXFileReference; lastKnownFileType = sourcecode.swift; path = Constants.swift; sourceTree = "<group>"; };
		06D5AE86219A924A00054883 /* PassingDate.swift */ = {isa = PBXFileReference; lastKnownFileType = sourcecode.swift; path = PassingDate.swift; sourceTree = "<group>"; };
		06D6C977219B69CE00D37A79 /* PlacesCell.swift */ = {isa = PBXFileReference; lastKnownFileType = sourcecode.swift; path = PlacesCell.swift; sourceTree = "<group>"; };
/* End PBXFileReference section */

/* Begin PBXFrameworksBuildPhase section */
		06D5AE60219A385600054883 /* Frameworks */ = {
			isa = PBXFrameworksBuildPhase;
			buildActionMask = 2147483647;
			files = (
				06D5AE7F219A388100054883 /* MapKit.framework in Frameworks */,
			);
			runOnlyForDeploymentPostprocessing = 0;
		};
/* End PBXFrameworksBuildPhase section */

/* Begin PBXGroup section */
		06D5AE5A219A385600054883 = {
			isa = PBXGroup;
			children = (
				06D5AE65219A385600054883 /* MemorablePlaces */,
				06D5AE64219A385600054883 /* Products */,
				06D5AE7B219A387F00054883 /* Frameworks */,
			);
			sourceTree = "<group>";
		};
		06D5AE64219A385600054883 /* Products */ = {
			isa = PBXGroup;
			children = (
				06D5AE63219A385600054883 /* MemorablePlaces.app */,
			);
			name = Products;
			sourceTree = "<group>";
		};
		06D5AE65219A385600054883 /* MemorablePlaces */ = {
			isa = PBXGroup;
			children = (
				06D5AE83219A682400054883 /* utilities */,
				06D5AE80219A657C00054883 /* Controllers */,
				06D5AE66219A385600054883 /* AppDelegate.swift */,
				06D5AE6A219A385600054883 /* Main.storyboard */,
				06D5AE70219A385700054883 /* Assets.xcassets */,
				06D5AE72219A385700054883 /* LaunchScreen.storyboard */,
				06D5AE75219A385700054883 /* Info.plist */,
				06D5AE6D219A385600054883 /* MemorablePlaces.xcdatamodeld */,
			);
			path = MemorablePlaces;
			sourceTree = "<group>";
		};
		06D5AE7B219A387F00054883 /* Frameworks */ = {
			isa = PBXGroup;
			children = (
				06D5AE7E219A388100054883 /* MapKit.framework */,
			);
			name = Frameworks;
			sourceTree = "<group>";
		};
		06D5AE80219A657C00054883 /* Controllers */ = {
			isa = PBXGroup;
			children = (
				06D5AE81219A659700054883 /* PlacesVC.swift */,
				06D5AE68219A385600054883 /* ViewController.swift */,
				06D6C977219B69CE00D37A79 /* PlacesCell.swift */,
			);
			path = Controllers;
			sourceTree = "<group>";
		};
		06D5AE83219A682400054883 /* utilities */ = {
			isa = PBXGroup;
			children = (
				06D5AE84219A683200054883 /* Constants.swift */,
				06D5AE86219A924A00054883 /* PassingDate.swift */,
			);
			path = utilities;
			sourceTree = "<group>";
		};
/* End PBXGroup section */

/* Begin PBXNativeTarget section */
		06D5AE62219A385600054883 /* MemorablePlaces */ = {
			isa = PBXNativeTarget;
			buildConfigurationList = 06D5AE78219A385700054883 /* Build configuration list for PBXNativeTarget "MemorablePlaces" */;
			buildPhases = (
				06D5AE5F219A385600054883 /* Sources */,
				06D5AE60219A385600054883 /* Frameworks */,
				06D5AE61219A385600054883 /* Resources */,
			);
			buildRules = (
			);
			dependencies = (
			);
			name = MemorablePlaces;
			productName = MemorablePlaces;
			productReference = 06D5AE63219A385600054883 /* MemorablePlaces.app */;
			productType = "com.apple.product-type.application";
		};
/* End PBXNativeTarget section */

/* Begin PBXProject section */
		06D5AE5B219A385600054883 /* Project object */ = {
			isa = PBXProject;
			attributes = {
				LastSwiftUpdateCheck = 0940;
				LastUpgradeCheck = 0940;
				ORGANIZATIONNAME = mostafa;
				TargetAttributes = {
					06D5AE62219A385600054883 = {
						CreatedOnToolsVersion = 9.4.1;
						SystemCapabilities = {
							com.apple.BackgroundModes = {
								enabled = 1;
							};
							com.apple.Maps.iOS = {
								enabled = 1;
							};
						};
					};
				};
			};
			buildConfigurationList = 06D5AE5E219A385600054883 /* Build configuration list for PBXProject "MemorablePlaces" */;
			compatibilityVersion = "Xcode 9.3";
			developmentRegion = en;
			hasScannedForEncodings = 0;
			knownRegions = (
				en,
				Base,
			);
			mainGroup = 06D5AE5A219A385600054883;
			productRefGroup = 06D5AE64219A385600054883 /* Products */;
			projectDirPath = "";
			projectRoot = "";
			targets = (
				06D5AE62219A385600054883 /* MemorablePlaces */,
			);
		};
/* End PBXProject section */

/* Begin PBXResourcesBuildPhase section */
		06D5AE61219A385600054883 /* Resources */ = {
			isa = PBXResourcesBuildPhase;
			buildActionMask = 2147483647;
			files = (
				06D5AE74219A385700054883 /* LaunchScreen.storyboard in Resources */,
				06D5AE71219A385700054883 /* Assets.xcassets in Resources */,
				06D5AE6C219A385600054883 /* Main.storyboard in Resources */,
			);
			runOnlyForDeploymentPostprocessing = 0;
		};
/* End PBXResourcesBuildPhase section */

/* Begin PBXSourcesBuildPhase section */
		06D5AE5F219A385600054883 /* Sources */ = {
			isa = PBXSourcesBuildPhase;
			buildActionMask = 2147483647;
			files = (
				06D5AE85219A683200054883 /* Constants.swift in Sources */,
				06D5AE87219A924A00054883 /* PassingDate.swift in Sources */,
				06D5AE69219A385600054883 /* ViewController.swift in Sources */,
				06D5AE6F219A385600054883 /* MemorablePlaces.xcdatamodeld in Sources */,
				06D5AE82219A659700054883 /* PlacesVC.swift in Sources */,
				06D5AE67219A385600054883 /* AppDelegate.swift in Sources */,
				06D6C978219B69CE00D37A79 /* PlacesCell.swift in Sources */,
			);
			runOnlyForDeploymentPostprocessing = 0;
		};
/* End PBXSourcesBuildPhase section */

/* Begin PBXVariantGroup section */
		06D5AE6A219A385600054883 /* Main.storyboard */ = {
			isa = PBXVariantGroup;
			children = (
				06D5AE6B219A385600054883 /* Base */,
			);
			name = Main.storyboard;
			sourceTree = "<group>";
		};
		06D5AE72219A385700054883 /* LaunchScreen.storyboard */ = {
			isa = PBXVariantGroup;
			children = (
				06D5AE73219A385700054883 /* Base */,
			);
			name = LaunchScreen.storyboard;
			sourceTree = "<group>";
		};
/* End PBXVariantGroup section */

/* Begin XCBuildConfiguration section */
		06D5AE76219A385700054883 /* Debug */ = {
			isa = XCBuildConfiguration;
			buildSettings = {
				ALWAYS_SEARCH_USER_PATHS = NO;
				CLANG_ANALYZER_NONNULL = YES;
				CLANG_ANALYZER_NUMBER_OBJECT_CONVERSION = YES_AGGRESSIVE;
				CLANG_CXX_LANGUAGE_STANDARD = "gnu++14";
				CLANG_CXX_LIBRARY = "libc++";
				CLANG_ENABLE_MODULES = YES;
				CLANG_ENABLE_OBJC_ARC = YES;
				CLANG_ENABLE_OBJC_WEAK = YES;
				CLANG_WARN_BLOCK_CAPTURE_AUTORELEASING = YES;
				CLANG_WARN_BOOL_CONVERSION = YES;
				CLANG_WARN_COMMA = YES;
				CLANG_WARN_CONSTANT_CONVERSION = YES;
				CLANG_WARN_DEPRECATED_OBJC_IMPLEMENTATIONS = YES;
				CLANG_WARN_DIRECT_OBJC_ISA_USAGE = YES_ERROR;
				CLANG_WARN_DOCUMENTATION_COMMENTS = YES;
				CLANG_WARN_EMPTY_BODY = YES;
				CLANG_WARN_ENUM_CONVERSION = YES;
				CLANG_WARN_INFINITE_RECURSION = YES;
				CLANG_WARN_INT_CONVERSION = YES;
				CLANG_WARN_NON_LITERAL_NULL_CONVERSION = YES;
				CLANG_WARN_OBJC_IMPLICIT_RETAIN_SELF = YES;
				CLANG_WARN_OBJC_LITERAL_CONVERSION = YES;
				CLANG_WARN_OBJC_ROOT_CLASS = YES_ERROR;
				CLANG_WARN_RANGE_LOOP_ANALYSIS = YES;
				CLANG_WARN_STRICT_PROTOTYPES = YES;
				CLANG_WARN_SUSPICIOUS_MOVE = YES;
				CLANG_WARN_UNGUARDED_AVAILABILITY = YES_AGGRESSIVE;
				CLANG_WARN_UNREACHABLE_CODE = YES;
				CLANG_WARN__DUPLICATE_METHOD_MATCH = YES;
				CODE_SIGN_IDENTITY = "iPhone Developer";
				COPY_PHASE_STRIP = NO;
				DEBUG_INFORMATION_FORMAT = dwarf;
				ENABLE_STRICT_OBJC_MSGSEND = YES;
				ENABLE_TESTABILITY = YES;
				GCC_C_LANGUAGE_STANDARD = gnu11;
				GCC_DYNAMIC_NO_PIC = NO;
				GCC_NO_COMMON_BLOCKS = YES;
				GCC_OPTIMIZATION_LEVEL = 0;
				GCC_PREPROCESSOR_DEFINITIONS = (
					"DEBUG=1",
					"$(inherited)",
				);
				GCC_WARN_64_TO_32_BIT_CONVERSION = YES;
				GCC_WARN_ABOUT_RETURN_TYPE = YES_ERROR;
				GCC_WARN_UNDECLARED_SELECTOR = YES;
				GCC_WARN_UNINITIALIZED_AUTOS = YES_AGGRESSIVE;
				GCC_WARN_UNUSED_FUNCTION = YES;
				GCC_WARN_UNUSED_VARIABLE = YES;
				IPHONEOS_DEPLOYMENT_TARGET = 11.4;
				MTL_ENABLE_DEBUG_INFO = YES;
				ONLY_ACTIVE_ARCH = YES;
				SDKROOT = iphoneos;
				SWIFT_ACTIVE_COMPILATION_CONDITIONS = DEBUG;
				SWIFT_OPTIMIZATION_LEVEL = "-Onone";
			};
			name = Debug;
		};
		06D5AE77219A385700054883 /* Release */ = {
			isa = XCBuildConfiguration;
			buildSettings = {
				ALWAYS_SEARCH_USER_PATHS = NO;
				CLANG_ANALYZER_NONNULL = YES;
				CLANG_ANALYZER_NUMBER_OBJECT_CONVERSION = YES_AGGRESSIVE;
				CLANG_CXX_LANGUAGE_STANDARD = "gnu++14";
				CLANG_CXX_LIBRARY = "libc++";
				CLANG_ENABLE_MODULES = YES;
				CLANG_ENABLE_OBJC_ARC = YES;
				CLANG_ENABLE_OBJC_WEAK = YES;
				CLANG_WARN_BLOCK_CAPTURE_AUTORELEASING = YES;
				CLANG_WARN_BOOL_CONVERSION = YES;
				CLANG_WARN_COMMA = YES;
				CLANG_WARN_CONSTANT_CONVERSION = YES;
				CLANG_WARN_DEPRECATED_OBJC_IMPLEMENTATIONS = YES;
				CLANG_WARN_DIRECT_OBJC_ISA_USAGE = YES_ERROR;
				CLANG_WARN_DOCUMENTATION_COMMENTS = YES;
				CLANG_WARN_EMPTY_BODY = YES;
				CLANG_WARN_ENUM_CONVERSION = YES;
				CLANG_WARN_INFINITE_RECURSION = YES;
				CLANG_WARN_INT_CONVERSION = YES;
				CLANG_WARN_NON_LITERAL_NULL_CONVERSION = YES;
				CLANG_WARN_OBJC_IMPLICIT_RETAIN_SELF = YES;
				CLANG_WARN_OBJC_LITERAL_CONVERSION = YES;
				CLANG_WARN_OBJC_ROOT_CLASS = YES_ERROR;
				CLANG_WARN_RANGE_LOOP_ANALYSIS = YES;
				CLANG_WARN_STRICT_PROTOTYPES = YES;
				CLANG_WARN_SUSPICIOUS_MOVE = YES;
				CLANG_WARN_UNGUARDED_AVAILABILITY = YES_AGGRESSIVE;
				CLANG_WARN_UNREACHABLE_CODE = YES;
				CLANG_WARN__DUPLICATE_METHOD_MATCH = YES;
				CODE_SIGN_IDENTITY = "iPhone Developer";
				COPY_PHASE_STRIP = NO;
				DEBUG_INFORMATION_FORMAT = "dwarf-with-dsym";
				ENABLE_NS_ASSERTIONS = NO;
				ENABLE_STRICT_OBJC_MSGSEND = YES;
				GCC_C_LANGUAGE_STANDARD = gnu11;
				GCC_NO_COMMON_BLOCKS = YES;
				GCC_WARN_64_TO_32_BIT_CONVERSION = YES;
				GCC_WARN_ABOUT_RETURN_TYPE = YES_ERROR;
				GCC_WARN_UNDECLARED_SELECTOR = YES;
				GCC_WARN_UNINITIALIZED_AUTOS = YES_AGGRESSIVE;
				GCC_WARN_UNUSED_FUNCTION = YES;
				GCC_WARN_UNUSED_VARIABLE = YES;
				IPHONEOS_DEPLOYMENT_TARGET = 11.4;
				MTL_ENABLE_DEBUG_INFO = NO;
				SDKROOT = iphoneos;
				SWIFT_COMPILATION_MODE = wholemodule;
				SWIFT_OPTIMIZATION_LEVEL = "-O";
				VALIDATE_PRODUCT = YES;
			};
			name = Release;
		};
		06D5AE79219A385700054883 /* Debug */ = {
			isa = XCBuildConfiguration;
			buildSettings = {
				ASSETCATALOG_COMPILER_APPICON_NAME = AppIcon;
				CODE_SIGN_STYLE = Automatic;
				INFOPLIST_FILE = MemorablePlaces/Info.plist;
				LD_RUNPATH_SEARCH_PATHS = (
					"$(inherited)",
					"@executable_path/Frameworks",
				);
				PRODUCT_BUNDLE_IDENTIFIER = com.mostafa.MemorablePlaces;
				PRODUCT_NAME = "$(TARGET_NAME)";
				SWIFT_VERSION = 4.0;
				TARGETED_DEVICE_FAMILY = 1;
			};
			name = Debug;
		};
		06D5AE7A219A385700054883 /* Release */ = {
			isa = XCBuildConfiguration;
			buildSettings = {
				ASSETCATALOG_COMPILER_APPICON_NAME = AppIcon;
				CODE_SIGN_STYLE = Automatic;
				INFOPLIST_FILE = MemorablePlaces/Info.plist;
				LD_RUNPATH_SEARCH_PATHS = (
					"$(inherited)",
					"@executable_path/Frameworks",
				);
				PRODUCT_BUNDLE_IDENTIFIER = com.mostafa.MemorablePlaces;
				PRODUCT_NAME = "$(TARGET_NAME)";
				SWIFT_VERSION = 4.0;
				TARGETED_DEVICE_FAMILY = 1;
			};
			name = Release;
		};
/* End XCBuildConfiguration section */

/* Begin XCConfigurationList section */
		06D5AE5E219A385600054883 /* Build configuration list for PBXProject "MemorablePlaces" */ = {
			isa = XCConfigurationList;
			buildConfigurations = (
				06D5AE76219A385700054883 /* Debug */,
				06D5AE77219A385700054883 /* Release */,
			);
			defaultConfigurationIsVisible = 0;
			defaultConfigurationName = Release;
		};
		06D5AE78219A385700054883 /* Build configuration list for PBXNativeTarget "MemorablePlaces" */ = {
			isa = XCConfigurationList;
			buildConfigurations = (
				06D5AE79219A385700054883 /* Debug */,
				06D5AE7A219A385700054883 /* Release */,
			);
			defaultConfigurationIsVisible = 0;
			defaultConfigurationName = Release;
		};
/* End XCConfigurationList section */

/* Begin XCVersionGroup section */
		06D5AE6D219A385600054883 /* MemorablePlaces.xcdatamodeld */ = {
			isa = XCVersionGroup;
			children = (
				06D5AE6E219A385600054883 /* MemorablePlaces.xcdatamodel */,
			);
			currentVersion = 06D5AE6E219A385600054883 /* MemorablePlaces.xcdatamodel */;
			path = MemorablePlaces.xcdatamodeld;
			sourceTree = "<group>";
			versionGroupType = wrapper.xcdatamodel;
		};
/* End XCVersionGroup section */
	};
	rootObject = 06D5AE5B219A385600054883 /* Project object */;
}
